
Microsoft Visual Studio Solution File, Format Version 12.00
# Visual Studio Version 17
VisualStudioVersion = 17.5.33424.131
MinimumVisualStudioVersion = 10.0.40219.1
Project("{FAE04EC0-301F-11D3-BF4B-00C04F79EFBC}") = "HotelMSTestAPI", "HotelMSTest\HotelMSTestAPI.csproj", "{8358DA19-26AC-449E-8082-45872BB6C4AF}"
EndProject
Project("{FAE04EC0-301F-11D3-BF4B-00C04F79EFBC}") = "HotelMSTestDataAccess", "HotelMSTestDataAccess\HotelMSTestDataAccess.csproj", "{B1287895-953C-471A-B5D3-2F61A800EFFF}"
EndProject
Project("{FAE04EC0-301F-11D3-BF4B-00C04F79EFBC}") = "HotelMSTestService", "HotelMSTestService\HotelMSTestService.csproj", "{7DA505B6-4CA3-4819-A9EA-6E7B332EC0BC}"
EndProject
Global
	GlobalSection(SolutionConfigurationPlatforms) = preSolution
		Debug|Any CPU = Debug|Any CPU
		Release|Any CPU = Release|Any CPU
	EndGlobalSection
	GlobalSection(ProjectConfigurationPlatforms) = postSolution
		{8358DA19-26AC-449E-8082-45872BB6C4AF}.Debug|Any CPU.ActiveCfg = Debug|Any CPU
		{8358DA19-26AC-449E-8082-45872BB6C4AF}.Debug|Any CPU.Build.0 = Debug|Any CPU
		{8358DA19-26AC-449E-8082-45872BB6C4AF}.Release|Any CPU.ActiveCfg = Release|Any CPU
		{8358DA19-26AC-449E-8082-45872BB6C4AF}.Release|Any CPU.Build.0 = Release|Any CPU
		{B1287895-953C-471A-B5D3-2F61A800EFFF}.Debug|Any CPU.ActiveCfg = Debug|Any CPU
		{B1287895-953C-471A-B5D3-2F61A800EFFF}.Debug|Any CPU.Build.0 = Debug|Any CPU
		{B1287895-953C-471A-B5D3-2F61A800EFFF}.Release|Any CPU.ActiveCfg = Release|Any CPU
		{B1287895-953C-471A-B5D3-2F61A800EFFF}.Release|Any CPU.Build.0 = Release|Any CPU
		{7DA505B6-4CA3-4819-A9EA-6E7B332EC0BC}.Debug|Any CPU.ActiveCfg = Debug|Any CPU
		{7DA505B6-4CA3-4819-A9EA-6E7B332EC0BC}.Debug|Any CPU.Build.0 = Debug|Any CPU
		{7DA505B6-4CA3-4819-A9EA-6E7B332EC0BC}.Release|Any CPU.ActiveCfg = Release|Any CPU
		{7DA505B6-4CA3-4819-A9EA-6E7B332EC0BC}.Release|Any CPU.Build.0 = Release|Any CPU
	EndGlobalSection
	GlobalSection(SolutionProperties) = preSolution
		HideSolutionNode = FALSE
	EndGlobalSection
	GlobalSection(ExtensibilityGlobals) = postSolution
		SolutionGuid = {00BBD9A0-DFBB-406A-A867-B3996BDC9EB7}
	EndGlobalSection
EndGlobal
