
Microsoft Visual Studio Solution File, Format Version 12.00
# Visual Studio Version 17
VisualStudioVersion = 17.5.33424.131
MinimumVisualStudioVersion = 10.0.40219.1
Project("{9A19103F-16F7-4668-BE54-9A1E7A4F7556}") = "HotelMSTestAPI", "HotelMSTest\HotelMSTestAPI.csproj", "{8358DA19-26AC-449E-8082-45872BB6C4AF}"
EndProject
Project("{9A19103F-16F7-4668-BE54-9A1E7A4F7556}") = "HotelMSTestDataAccess", "HotelMSTestDataAccess\HotelMSTestDataAccess.csproj", "{B1287895-953C-471A-B5D3-2F61A800EFFF}"
EndProject
Project("{9A19103F-16F7-4668-BE54-9A1E7A4F7556}") = "HotelMSTestService", "HotelMSTestService\HotelMSTestService.csproj", "{7DA505B6-4CA3-4819-A9EA-6E7B332EC0BC}"
EndProject
Project("{2150E333-8FDC-42A3-9474-1A3956D46DE8}") = "HotelMSTest", "HotelMSTest", "{66748E11-2F99-47DE-A8CA-011F3558736A}"
EndProject
Project("{FAE04EC0-301F-11D3-BF4B-00C04F79EFBC}") = "TestHotelMS.API", "TestHotelMS.API\TestHotelMS.API.csproj", "{CD32F4E6-651E-46FD-9907-07C1816900FE}"
EndProject
Project("{FAE04EC0-301F-11D3-BF4B-00C04F79EFBC}") = "TestHotelMS.DataAccess", "TestHotelMS.DataAccess\TestHotelMS.DataAccess.csproj", "{6F8F6411-6AD7-4BAA-8CA5-075305A3EB3E}"
EndProject
Project("{FAE04EC0-301F-11D3-BF4B-00C04F79EFBC}") = "TestHotelMS.Service", "TestHotelMS.Service\TestHotelMS.Service.csproj", "{93F64857-3EB2-4B2F-B5BB-0CFE679B7247}"
EndProject
Global
	GlobalSection(SolutionConfigurationPlatforms) = preSolution
		Debug|Any CPU = Debug|Any CPU
		Release|Any CPU = Release|Any CPU
	EndGlobalSection
	GlobalSection(ProjectConfigurationPlatforms) = postSolution
		{8358DA19-26AC-449E-8082-45872BB6C4AF}.Debug|Any CPU.ActiveCfg = Debug|Any CPU
		{8358DA19-26AC-449E-8082-45872BB6C4AF}.Debug|Any CPU.Build.0 = Debug|Any CPU
		{8358DA19-26AC-449E-8082-45872BB6C4AF}.Release|Any CPU.ActiveCfg = Release|Any CPU
		{8358DA19-26AC-449E-8082-45872BB6C4AF}.Release|Any CPU.Build.0 = Release|Any CPU
		{B1287895-953C-471A-B5D3-2F61A800EFFF}.Debug|Any CPU.ActiveCfg = Debug|Any CPU
		{B1287895-953C-471A-B5D3-2F61A800EFFF}.Debug|Any CPU.Build.0 = Debug|Any CPU
		{B1287895-953C-471A-B5D3-2F61A800EFFF}.Release|Any CPU.ActiveCfg = Release|Any CPU
		{B1287895-953C-471A-B5D3-2F61A800EFFF}.Release|Any CPU.Build.0 = Release|Any CPU
		{7DA505B6-4CA3-4819-A9EA-6E7B332EC0BC}.Debug|Any CPU.ActiveCfg = Debug|Any CPU
		{7DA505B6-4CA3-4819-A9EA-6E7B332EC0BC}.Debug|Any CPU.Build.0 = Debug|Any CPU
		{7DA505B6-4CA3-4819-A9EA-6E7B332EC0BC}.Release|Any CPU.ActiveCfg = Release|Any CPU
		{7DA505B6-4CA3-4819-A9EA-6E7B332EC0BC}.Release|Any CPU.Build.0 = Release|Any CPU
		{CD32F4E6-651E-46FD-9907-07C1816900FE}.Debug|Any CPU.ActiveCfg = Debug|Any CPU
		{CD32F4E6-651E-46FD-9907-07C1816900FE}.Debug|Any CPU.Build.0 = Debug|Any CPU
		{CD32F4E6-651E-46FD-9907-07C1816900FE}.Release|Any CPU.ActiveCfg = Release|Any CPU
		{CD32F4E6-651E-46FD-9907-07C1816900FE}.Release|Any CPU.Build.0 = Release|Any CPU
		{6F8F6411-6AD7-4BAA-8CA5-075305A3EB3E}.Debug|Any CPU.ActiveCfg = Debug|Any CPU
		{6F8F6411-6AD7-4BAA-8CA5-075305A3EB3E}.Debug|Any CPU.Build.0 = Debug|Any CPU
		{6F8F6411-6AD7-4BAA-8CA5-075305A3EB3E}.Release|Any CPU.ActiveCfg = Release|Any CPU
		{6F8F6411-6AD7-4BAA-8CA5-075305A3EB3E}.Release|Any CPU.Build.0 = Release|Any CPU
		{93F64857-3EB2-4B2F-B5BB-0CFE679B7247}.Debug|Any CPU.ActiveCfg = Debug|Any CPU
		{93F64857-3EB2-4B2F-B5BB-0CFE679B7247}.Debug|Any CPU.Build.0 = Debug|Any CPU
		{93F64857-3EB2-4B2F-B5BB-0CFE679B7247}.Release|Any CPU.ActiveCfg = Release|Any CPU
		{93F64857-3EB2-4B2F-B5BB-0CFE679B7247}.Release|Any CPU.Build.0 = Release|Any CPU
	EndGlobalSection
	GlobalSection(SolutionProperties) = preSolution
		HideSolutionNode = FALSE
	EndGlobalSection
	GlobalSection(NestedProjects) = preSolution
		{CD32F4E6-651E-46FD-9907-07C1816900FE} = {66748E11-2F99-47DE-A8CA-011F3558736A}
		{6F8F6411-6AD7-4BAA-8CA5-075305A3EB3E} = {66748E11-2F99-47DE-A8CA-011F3558736A}
		{93F64857-3EB2-4B2F-B5BB-0CFE679B7247} = {66748E11-2F99-47DE-A8CA-011F3558736A}
	EndGlobalSection
	GlobalSection(ExtensibilityGlobals) = postSolution
		SolutionGuid = {00BBD9A0-DFBB-406A-A867-B3996BDC9EB7}
	EndGlobalSection
EndGlobal
